// !$*UTF8*$!
{
	archiveVersion = 1;
	classes = {
	};
	objectVersion = 51;
	objects = {

/* Begin PBXBuildFile section */
		23E7A098BBED091ED8473BD1 /* Pods_ProductivityApp.framework in Frameworks */ = {isa = PBXBuildFile; fileRef = 081A164A148C868E4CA68F35 /* Pods_ProductivityApp.framework */; };
		28523DC42801AD0C00EB74D0 /* AlamofireService.swift in Sources */ = {isa = PBXBuildFile; fileRef = 28523DC32801AD0C00EB74D0 /* AlamofireService.swift */; };
		28523DC62801DCFD00EB74D0 /* AlamofireReqResultsViewController.swift in Sources */ = {isa = PBXBuildFile; fileRef = 28523DC52801DCFD00EB74D0 /* AlamofireReqResultsViewController.swift */; };
		28523DC82802192600EB74D0 /* Country.swift in Sources */ = {isa = PBXBuildFile; fileRef = 28523DC72802192600EB74D0 /* Country.swift */; };
		2882C03328003D6C0023AD62 /* ToDoListViewController.swift in Sources */ = {isa = PBXBuildFile; fileRef = 2882C03228003D6C0023AD62 /* ToDoListViewController.swift */; };
		2882C03528003E020023AD62 /* FirstPageViewController.swift in Sources */ = {isa = PBXBuildFile; fileRef = 2882C03428003E020023AD62 /* FirstPageViewController.swift */; };
		2882C037280069C60023AD62 /* UIColorExtension.swift in Sources */ = {isa = PBXBuildFile; fileRef = 2882C036280069C60023AD62 /* UIColorExtension.swift */; };
		289E9A73280097D3007F4B4A /* WebViewViewController.swift in Sources */ = {isa = PBXBuildFile; fileRef = 289E9A72280097D3007F4B4A /* WebViewViewController.swift */; };
		289E9A752800E340007F4B4A /* LatestToDoTaskViewController.swift in Sources */ = {isa = PBXBuildFile; fileRef = 289E9A742800E340007F4B4A /* LatestToDoTaskViewController.swift */; };
		28D1815F27FF66B600C256E9 /* AppDelegate.swift in Sources */ = {isa = PBXBuildFile; fileRef = 28D1815E27FF66B600C256E9 /* AppDelegate.swift */; };
		28D1816127FF66B600C256E9 /* SceneDelegate.swift in Sources */ = {isa = PBXBuildFile; fileRef = 28D1816027FF66B600C256E9 /* SceneDelegate.swift */; };
		28D1816627FF66B600C256E9 /* Main.storyboard in Resources */ = {isa = PBXBuildFile; fileRef = 28D1816427FF66B600C256E9 /* Main.storyboard */; };
		28D1816927FF66B600C256E9 /* ProductivityApp.xcdatamodeld in Sources */ = {isa = PBXBuildFile; fileRef = 28D1816727FF66B600C256E9 /* ProductivityApp.xcdatamodeld */; };
		28D1816B27FF66B800C256E9 /* Assets.xcassets in Resources */ = {isa = PBXBuildFile; fileRef = 28D1816A27FF66B800C256E9 /* Assets.xcassets */; };
		28D1816E27FF66B800C256E9 /* LaunchScreen.storyboard in Resources */ = {isa = PBXBuildFile; fileRef = 28D1816C27FF66B800C256E9 /* LaunchScreen.storyboard */; };
		28D1817727FF68D300C256E9 /* ToDoListItem+CoreDataClass.swift in Sources */ = {isa = PBXBuildFile; fileRef = 28D1817527FF68D300C256E9 /* ToDoListItem+CoreDataClass.swift */; };
		28D1817827FF68D300C256E9 /* ToDoListItem+CoreDataProperties.swift in Sources */ = {isa = PBXBuildFile; fileRef = 28D1817627FF68D300C256E9 /* ToDoListItem+CoreDataProperties.swift */; };
/* End PBXBuildFile section */

/* Begin PBXFileReference section */
		081A164A148C868E4CA68F35 /* Pods_ProductivityApp.framework */ = {isa = PBXFileReference; explicitFileType = wrapper.framework; includeInIndex = 0; path = Pods_ProductivityApp.framework; sourceTree = BUILT_PRODUCTS_DIR; };
		28523DC32801AD0C00EB74D0 /* AlamofireService.swift */ = {isa = PBXFileReference; lastKnownFileType = sourcecode.swift; path = AlamofireService.swift; sourceTree = "<group>"; };
		28523DC52801DCFD00EB74D0 /* AlamofireReqResultsViewController.swift */ = {isa = PBXFileReference; lastKnownFileType = sourcecode.swift; path = AlamofireReqResultsViewController.swift; sourceTree = "<group>"; };
		28523DC72802192600EB74D0 /* Country.swift */ = {isa = PBXFileReference; lastKnownFileType = sourcecode.swift; path = Country.swift; sourceTree = "<group>"; };
		2882C03228003D6C0023AD62 /* ToDoListViewController.swift */ = {isa = PBXFileReference; lastKnownFileType = sourcecode.swift; path = ToDoListViewController.swift; sourceTree = "<group>"; };
		2882C03428003E020023AD62 /* FirstPageViewController.swift */ = {isa = PBXFileReference; lastKnownFileType = sourcecode.swift; path = FirstPageViewController.swift; sourceTree = "<group>"; };
		2882C036280069C60023AD62 /* UIColorExtension.swift */ = {isa = PBXFileReference; lastKnownFileType = sourcecode.swift; path = UIColorExtension.swift; sourceTree = "<group>"; };
		289E9A72280097D3007F4B4A /* WebViewViewController.swift */ = {isa = PBXFileReference; lastKnownFileType = sourcecode.swift; path = WebViewViewController.swift; sourceTree = "<group>"; };
		289E9A742800E340007F4B4A /* LatestToDoTaskViewController.swift */ = {isa = PBXFileReference; lastKnownFileType = sourcecode.swift; path = LatestToDoTaskViewController.swift; sourceTree = "<group>"; };
		28D1815B27FF66B600C256E9 /* ProductivityApp.app */ = {isa = PBXFileReference; explicitFileType = wrapper.application; includeInIndex = 0; path = ProductivityApp.app; sourceTree = BUILT_PRODUCTS_DIR; };
		28D1815E27FF66B600C256E9 /* AppDelegate.swift */ = {isa = PBXFileReference; lastKnownFileType = sourcecode.swift; path = AppDelegate.swift; sourceTree = "<group>"; };
		28D1816027FF66B600C256E9 /* SceneDelegate.swift */ = {isa = PBXFileReference; lastKnownFileType = sourcecode.swift; path = SceneDelegate.swift; sourceTree = "<group>"; };
		28D1816527FF66B600C256E9 /* Base */ = {isa = PBXFileReference; lastKnownFileType = file.storyboard; name = Base; path = Base.lproj/Main.storyboard; sourceTree = "<group>"; };
		28D1816827FF66B600C256E9 /* ProductivityApp.xcdatamodel */ = {isa = PBXFileReference; lastKnownFileType = wrapper.xcdatamodel; path = ProductivityApp.xcdatamodel; sourceTree = "<group>"; };
		28D1816A27FF66B800C256E9 /* Assets.xcassets */ = {isa = PBXFileReference; lastKnownFileType = folder.assetcatalog; path = Assets.xcassets; sourceTree = "<group>"; };
		28D1816D27FF66B800C256E9 /* Base */ = {isa = PBXFileReference; lastKnownFileType = file.storyboard; name = Base; path = Base.lproj/LaunchScreen.storyboard; sourceTree = "<group>"; };
		28D1816F27FF66B800C256E9 /* Info.plist */ = {isa = PBXFileReference; lastKnownFileType = text.plist.xml; path = Info.plist; sourceTree = "<group>"; };
		28D1817527FF68D300C256E9 /* ToDoListItem+CoreDataClass.swift */ = {isa = PBXFileReference; lastKnownFileType = sourcecode.swift; path = "ToDoListItem+CoreDataClass.swift"; sourceTree = "<group>"; };
		28D1817627FF68D300C256E9 /* ToDoListItem+CoreDataProperties.swift */ = {isa = PBXFileReference; lastKnownFileType = sourcecode.swift; path = "ToDoListItem+CoreDataProperties.swift"; sourceTree = "<group>"; };
		93854D0162241775FC3E3741 /* Pods-ProductivityApp.debug.xcconfig */ = {isa = PBXFileReference; includeInIndex = 1; lastKnownFileType = text.xcconfig; name = "Pods-ProductivityApp.debug.xcconfig"; path = "Target Support Files/Pods-ProductivityApp/Pods-ProductivityApp.debug.xcconfig"; sourceTree = "<group>"; };
		EDC7C692ED1FCDCD3825808E /* Pods-ProductivityApp.release.xcconfig */ = {isa = PBXFileReference; includeInIndex = 1; lastKnownFileType = text.xcconfig; name = "Pods-ProductivityApp.release.xcconfig"; path = "Target Support Files/Pods-ProductivityApp/Pods-ProductivityApp.release.xcconfig"; sourceTree = "<group>"; };
/* End PBXFileReference section */

/* Begin PBXFrameworksBuildPhase section */
		28D1815827FF66B600C256E9 /* Frameworks */ = {
			isa = PBXFrameworksBuildPhase;
			buildActionMask = 2147483647;
			files = (
				23E7A098BBED091ED8473BD1 /* Pods_ProductivityApp.framework in Frameworks */,
			);
			runOnlyForDeploymentPostprocessing = 0;
		};
/* End PBXFrameworksBuildPhase section */

/* Begin PBXGroup section */
		2884DB242802C50A00972ED6 /* ToDoListFunctionality */ = {
			isa = PBXGroup;
			children = (
				2882C03228003D6C0023AD62 /* ToDoListViewController.swift */,
				289E9A742800E340007F4B4A /* LatestToDoTaskViewController.swift */,
			);
			path = ToDoListFunctionality;
			sourceTree = "<group>";
		};
		2884DB252802C52C00972ED6 /* PomodoroTimerFunctionality */ = {
			isa = PBXGroup;
			children = (
				289E9A72280097D3007F4B4A /* WebViewViewController.swift */,
			);
			path = PomodoroTimerFunctionality;
			sourceTree = "<group>";
		};
		2884DB262802C54D00972ED6 /* CountriesGetterFunctionality */ = {
			isa = PBXGroup;
			children = (
				28523DC72802192600EB74D0 /* Country.swift */,
				28523DC32801AD0C00EB74D0 /* AlamofireService.swift */,
				28523DC52801DCFD00EB74D0 /* AlamofireReqResultsViewController.swift */,
			);
			path = CountriesGetterFunctionality;
			sourceTree = "<group>";
		};
		2884DB272802C5A300972ED6 /* Extensions */ = {
			isa = PBXGroup;
			children = (
				2882C036280069C60023AD62 /* UIColorExtension.swift */,
			);
			path = Extensions;
			sourceTree = "<group>";
		};
		28D1815227FF66B600C256E9 = {
			isa = PBXGroup;
			children = (
				28D1815D27FF66B600C256E9 /* ProductivityApp */,
				28D1815C27FF66B600C256E9 /* Products */,
				65676DE9E119D17C5CC8AB33 /* Pods */,
				3AFB183A20A53C3FA6ACF4EC /* Frameworks */,
			);
			sourceTree = "<group>";
		};
		28D1815C27FF66B600C256E9 /* Products */ = {
			isa = PBXGroup;
			children = (
				28D1815B27FF66B600C256E9 /* ProductivityApp.app */,
			);
			name = Products;
			sourceTree = "<group>";
		};
		28D1815D27FF66B600C256E9 /* ProductivityApp */ = {
			isa = PBXGroup;
			children = (
				2884DB272802C5A300972ED6 /* Extensions */,
				2884DB262802C54D00972ED6 /* CountriesGetterFunctionality */,
				2884DB252802C52C00972ED6 /* PomodoroTimerFunctionality */,
				2884DB242802C50A00972ED6 /* ToDoListFunctionality */,
				28D1817927FF696B00C256E9 /* ToDoListItem */,
				28D1815E27FF66B600C256E9 /* AppDelegate.swift */,
				28D1816027FF66B600C256E9 /* SceneDelegate.swift */,
				2882C03428003E020023AD62 /* FirstPageViewController.swift */,
				28D1816427FF66B600C256E9 /* Main.storyboard */,
				28D1816A27FF66B800C256E9 /* Assets.xcassets */,
				28D1816C27FF66B800C256E9 /* LaunchScreen.storyboard */,
				28D1816F27FF66B800C256E9 /* Info.plist */,
				28D1816727FF66B600C256E9 /* ProductivityApp.xcdatamodeld */,
			);
			path = ProductivityApp;
			sourceTree = "<group>";
		};
		28D1817927FF696B00C256E9 /* ToDoListItem */ = {
			isa = PBXGroup;
			children = (
				28D1817527FF68D300C256E9 /* ToDoListItem+CoreDataClass.swift */,
				28D1817627FF68D300C256E9 /* ToDoListItem+CoreDataProperties.swift */,
			);
			path = ToDoListItem;
			sourceTree = "<group>";
		};
		3AFB183A20A53C3FA6ACF4EC /* Frameworks */ = {
			isa = PBXGroup;
			children = (
				081A164A148C868E4CA68F35 /* Pods_ProductivityApp.framework */,
			);
			name = Frameworks;
			sourceTree = "<group>";
		};
		65676DE9E119D17C5CC8AB33 /* Pods */ = {
			isa = PBXGroup;
			children = (
				93854D0162241775FC3E3741 /* Pods-ProductivityApp.debug.xcconfig */,
				EDC7C692ED1FCDCD3825808E /* Pods-ProductivityApp.release.xcconfig */,
			);
			path = Pods;
			sourceTree = "<group>";
		};
/* End PBXGroup section */

/* Begin PBXNativeTarget section */
		28D1815A27FF66B600C256E9 /* ProductivityApp */ = {
			isa = PBXNativeTarget;
			buildConfigurationList = 28D1817227FF66B800C256E9 /* Build configuration list for PBXNativeTarget "ProductivityApp" */;
			buildPhases = (
				B59A4AD0D61E232482FA5FFD /* [CP] Check Pods Manifest.lock */,
				28D1815727FF66B600C256E9 /* Sources */,
				28D1815827FF66B600C256E9 /* Frameworks */,
				28D1815927FF66B600C256E9 /* Resources */,
				EBA0FDA7E71F300624A13611 /* [CP] Embed Pods Frameworks */,
			);
			buildRules = (
			);
			dependencies = (
			);
			name = ProductivityApp;
			productName = ProductivityApp;
			productReference = 28D1815B27FF66B600C256E9 /* ProductivityApp.app */;
			productType = "com.apple.product-type.application";
		};
/* End PBXNativeTarget section */

/* Begin PBXProject section */
		28D1815327FF66B600C256E9 /* Project object */ = {
			isa = PBXProject;
			attributes = {
				LastSwiftUpdateCheck = 1250;
				LastUpgradeCheck = 1250;
				TargetAttributes = {
					28D1815A27FF66B600C256E9 = {
						CreatedOnToolsVersion = 12.5.1;
					};
				};
			};
			buildConfigurationList = 28D1815627FF66B600C256E9 /* Build configuration list for PBXProject "ProductivityApp" */;
			compatibilityVersion = "Xcode 9.3";
			developmentRegion = en;
			hasScannedForEncodings = 0;
			knownRegions = (
				en,
				Base,
			);
			mainGroup = 28D1815227FF66B600C256E9;
			productRefGroup = 28D1815C27FF66B600C256E9 /* Products */;
			projectDirPath = "";
			projectRoot = "";
			targets = (
				28D1815A27FF66B600C256E9 /* ProductivityApp */,
			);
		};
/* End PBXProject section */

/* Begin PBXResourcesBuildPhase section */
		28D1815927FF66B600C256E9 /* Resources */ = {
			isa = PBXResourcesBuildPhase;
			buildActionMask = 2147483647;
			files = (
				28D1816E27FF66B800C256E9 /* LaunchScreen.storyboard in Resources */,
				28D1816B27FF66B800C256E9 /* Assets.xcassets in Resources */,
				28D1816627FF66B600C256E9 /* Main.storyboard in Resources */,
			);
			runOnlyForDeploymentPostprocessing = 0;
		};
/* End PBXResourcesBuildPhase section */

/* Begin PBXShellScriptBuildPhase section */
		B59A4AD0D61E232482FA5FFD /* [CP] Check Pods Manifest.lock */ = {
			isa = PBXShellScriptBuildPhase;
			buildActionMask = 2147483647;
			files = (
			);
			inputFileListPaths = (
			);
			inputPaths = (
				"${PODS_PODFILE_DIR_PATH}/Podfile.lock",
				"${PODS_ROOT}/Manifest.lock",
			);
			name = "[CP] Check Pods Manifest.lock";
			outputFileListPaths = (
			);
			outputPaths = (
				"$(DERIVED_FILE_DIR)/Pods-ProductivityApp-checkManifestLockResult.txt",
			);
			runOnlyForDeploymentPostprocessing = 0;
			shellPath = /bin/sh;
			shellScript = "diff \"${PODS_PODFILE_DIR_PATH}/Podfile.lock\" \"${PODS_ROOT}/Manifest.lock\" > /dev/null\nif [ $? != 0 ] ; then\n    # print error to STDERR\n    echo \"error: The sandbox is not in sync with the Podfile.lock. Run 'pod install' or update your CocoaPods installation.\" >&2\n    exit 1\nfi\n# This output is used by Xcode 'outputs' to avoid re-running this script phase.\necho \"SUCCESS\" > \"${SCRIPT_OUTPUT_FILE_0}\"\n";
			showEnvVarsInLog = 0;
		};
		EBA0FDA7E71F300624A13611 /* [CP] Embed Pods Frameworks */ = {
			isa = PBXShellScriptBuildPhase;
			buildActionMask = 2147483647;
			files = (
			);
			inputFileListPaths = (
				"${PODS_ROOT}/Target Support Files/Pods-ProductivityApp/Pods-ProductivityApp-frameworks-${CONFIGURATION}-input-files.xcfilelist",
			);
			name = "[CP] Embed Pods Frameworks";
			outputFileListPaths = (
				"${PODS_ROOT}/Target Support Files/Pods-ProductivityApp/Pods-ProductivityApp-frameworks-${CONFIGURATION}-output-files.xcfilelist",
			);
			runOnlyForDeploymentPostprocessing = 0;
			shellPath = /bin/sh;
			shellScript = "\"${PODS_ROOT}/Target Support Files/Pods-ProductivityApp/Pods-ProductivityApp-frameworks.sh\"\n";
			showEnvVarsInLog = 0;
		};
/* End PBXShellScriptBuildPhase section */

/* Begin PBXSourcesBuildPhase section */
		28D1815727FF66B600C256E9 /* Sources */ = {
			isa = PBXSourcesBuildPhase;
			buildActionMask = 2147483647;
			files = (
				28523DC82802192600EB74D0 /* Country.swift in Sources */,
				289E9A73280097D3007F4B4A /* WebViewViewController.swift in Sources */,
				28D1815F27FF66B600C256E9 /* AppDelegate.swift in Sources */,
				28D1816127FF66B600C256E9 /* SceneDelegate.swift in Sources */,
				28D1817727FF68D300C256E9 /* ToDoListItem+CoreDataClass.swift in Sources */,
				2882C03528003E020023AD62 /* FirstPageViewController.swift in Sources */,
				2882C037280069C60023AD62 /* UIColorExtension.swift in Sources */,
				289E9A752800E340007F4B4A /* LatestToDoTaskViewController.swift in Sources */,
				28D1817827FF68D300C256E9 /* ToDoListItem+CoreDataProperties.swift in Sources */,
				2882C03328003D6C0023AD62 /* ToDoListViewController.swift in Sources */,
				28523DC42801AD0C00EB74D0 /* AlamofireService.swift in Sources */,
				28D1816927FF66B600C256E9 /* ProductivityApp.xcdatamodeld in Sources */,
				28523DC62801DCFD00EB74D0 /* AlamofireReqResultsViewController.swift in Sources */,
			);
			runOnlyForDeploymentPostprocessing = 0;
		};
/* End PBXSourcesBuildPhase section */

/* Begin PBXVariantGroup section */
		28D1816427FF66B600C256E9 /* Main.storyboard */ = {
			isa = PBXVariantGroup;
			children = (
				28D1816527FF66B600C256E9 /* Base */,
			);
			name = Main.storyboard;
			sourceTree = "<group>";
		};
		28D1816C27FF66B800C256E9 /* LaunchScreen.storyboard */ = {
			isa = PBXVariantGroup;
			children = (
				28D1816D27FF66B800C256E9 /* Base */,
			);
			name = LaunchScreen.storyboard;
			sourceTree = "<group>";
		};
/* End PBXVariantGroup section */

/* Begin XCBuildConfiguration section */
		28D1817027FF66B800C256E9 /* Debug */ = {
			isa = XCBuildConfiguration;
			buildSettings = {
				ALWAYS_SEARCH_USER_PATHS = NO;
				CLANG_ANALYZER_NONNULL = YES;
				CLANG_ANALYZER_NUMBER_OBJECT_CONVERSION = YES_AGGRESSIVE;
				CLANG_CXX_LANGUAGE_STANDARD = "gnu++14";
				CLANG_CXX_LIBRARY = "libc++";
				CLANG_ENABLE_MODULES = YES;
				CLANG_ENABLE_OBJC_ARC = YES;
				CLANG_ENABLE_OBJC_WEAK = YES;
				CLANG_WARN_BLOCK_CAPTURE_AUTORELEASING = YES;
				CLANG_WARN_BOOL_CONVERSION = YES;
				CLANG_WARN_COMMA = YES;
				CLANG_WARN_CONSTANT_CONVERSION = YES;
				CLANG_WARN_DEPRECATED_OBJC_IMPLEMENTATIONS = YES;
				CLANG_WARN_DIRECT_OBJC_ISA_USAGE = YES_ERROR;
				CLANG_WARN_DOCUMENTATION_COMMENTS = YES;
				CLANG_WARN_EMPTY_BODY = YES;
				CLANG_WARN_ENUM_CONVERSION = YES;
				CLANG_WARN_INFINITE_RECURSION = YES;
				CLANG_WARN_INT_CONVERSION = YES;
				CLANG_WARN_NON_LITERAL_NULL_CONVERSION = YES;
				CLANG_WARN_OBJC_IMPLICIT_RETAIN_SELF = YES;
				CLANG_WARN_OBJC_LITERAL_CONVERSION = YES;
				CLANG_WARN_OBJC_ROOT_CLASS = YES_ERROR;
				CLANG_WARN_QUOTED_INCLUDE_IN_FRAMEWORK_HEADER = YES;
				CLANG_WARN_RANGE_LOOP_ANALYSIS = YES;
				CLANG_WARN_STRICT_PROTOTYPES = YES;
				CLANG_WARN_SUSPICIOUS_MOVE = YES;
				CLANG_WARN_UNGUARDED_AVAILABILITY = YES_AGGRESSIVE;
				CLANG_WARN_UNREACHABLE_CODE = YES;
				CLANG_WARN__DUPLICATE_METHOD_MATCH = YES;
				COPY_PHASE_STRIP = NO;
				DEBUG_INFORMATION_FORMAT = dwarf;
				ENABLE_STRICT_OBJC_MSGSEND = YES;
				ENABLE_TESTABILITY = YES;
				GCC_C_LANGUAGE_STANDARD = gnu11;
				GCC_DYNAMIC_NO_PIC = NO;
				GCC_NO_COMMON_BLOCKS = YES;
				GCC_OPTIMIZATION_LEVEL = 0;
				GCC_PREPROCESSOR_DEFINITIONS = (
					"DEBUG=1",
					"$(inherited)",
				);
				GCC_WARN_64_TO_32_BIT_CONVERSION = YES;
				GCC_WARN_ABOUT_RETURN_TYPE = YES_ERROR;
				GCC_WARN_UNDECLARED_SELECTOR = YES;
				GCC_WARN_UNINITIALIZED_AUTOS = YES_AGGRESSIVE;
				GCC_WARN_UNUSED_FUNCTION = YES;
				GCC_WARN_UNUSED_VARIABLE = YES;
				IPHONEOS_DEPLOYMENT_TARGET = 14.5;
				MTL_ENABLE_DEBUG_INFO = INCLUDE_SOURCE;
				MTL_FAST_MATH = YES;
				ONLY_ACTIVE_ARCH = YES;
				SDKROOT = iphoneos;
				SWIFT_ACTIVE_COMPILATION_CONDITIONS = DEBUG;
				SWIFT_OPTIMIZATION_LEVEL = "-Onone";
			};
			name = Debug;
		};
		28D1817127FF66B800C256E9 /* Release */ = {
			isa = XCBuildConfiguration;
			buildSettings = {
				ALWAYS_SEARCH_USER_PATHS = NO;
				CLANG_ANALYZER_NONNULL = YES;
				CLANG_ANALYZER_NUMBER_OBJECT_CONVERSION = YES_AGGRESSIVE;
				CLANG_CXX_LANGUAGE_STANDARD = "gnu++14";
				CLANG_CXX_LIBRARY = "libc++";
				CLANG_ENABLE_MODULES = YES;
				CLANG_ENABLE_OBJC_ARC = YES;
				CLANG_ENABLE_OBJC_WEAK = YES;
				CLANG_WARN_BLOCK_CAPTURE_AUTORELEASING = YES;
				CLANG_WARN_BOOL_CONVERSION = YES;
				CLANG_WARN_COMMA = YES;
				CLANG_WARN_CONSTANT_CONVERSION = YES;
				CLANG_WARN_DEPRECATED_OBJC_IMPLEMENTATIONS = YES;
				CLANG_WARN_DIRECT_OBJC_ISA_USAGE = YES_ERROR;
				CLANG_WARN_DOCUMENTATION_COMMENTS = YES;
				CLANG_WARN_EMPTY_BODY = YES;
				CLANG_WARN_ENUM_CONVERSION = YES;
				CLANG_WARN_INFINITE_RECURSION = YES;
				CLANG_WARN_INT_CONVERSION = YES;
				CLANG_WARN_NON_LITERAL_NULL_CONVERSION = YES;
				CLANG_WARN_OBJC_IMPLICIT_RETAIN_SELF = YES;
				CLANG_WARN_OBJC_LITERAL_CONVERSION = YES;
				CLANG_WARN_OBJC_ROOT_CLASS = YES_ERROR;
				CLANG_WARN_QUOTED_INCLUDE_IN_FRAMEWORK_HEADER = YES;
				CLANG_WARN_RANGE_LOOP_ANALYSIS = YES;
				CLANG_WARN_STRICT_PROTOTYPES = YES;
				CLANG_WARN_SUSPICIOUS_MOVE = YES;
				CLANG_WARN_UNGUARDED_AVAILABILITY = YES_AGGRESSIVE;
				CLANG_WARN_UNREACHABLE_CODE = YES;
				CLANG_WARN__DUPLICATE_METHOD_MATCH = YES;
				COPY_PHASE_STRIP = NO;
				DEBUG_INFORMATION_FORMAT = "dwarf-with-dsym";
				ENABLE_NS_ASSERTIONS = NO;
				ENABLE_STRICT_OBJC_MSGSEND = YES;
				GCC_C_LANGUAGE_STANDARD = gnu11;
				GCC_NO_COMMON_BLOCKS = YES;
				GCC_WARN_64_TO_32_BIT_CONVERSION = YES;
				GCC_WARN_ABOUT_RETURN_TYPE = YES_ERROR;
				GCC_WARN_UNDECLARED_SELECTOR = YES;
				GCC_WARN_UNINITIALIZED_AUTOS = YES_AGGRESSIVE;
				GCC_WARN_UNUSED_FUNCTION = YES;
				GCC_WARN_UNUSED_VARIABLE = YES;
				IPHONEOS_DEPLOYMENT_TARGET = 14.5;
				MTL_ENABLE_DEBUG_INFO = NO;
				MTL_FAST_MATH = YES;
				SDKROOT = iphoneos;
				SWIFT_COMPILATION_MODE = wholemodule;
				SWIFT_OPTIMIZATION_LEVEL = "-O";
				VALIDATE_PRODUCT = YES;
			};
			name = Release;
		};
		28D1817327FF66B800C256E9 /* Debug */ = {
			isa = XCBuildConfiguration;
			baseConfigurationReference = 93854D0162241775FC3E3741 /* Pods-ProductivityApp.debug.xcconfig */;
			buildSettings = {
				ASSETCATALOG_COMPILER_APPICON_NAME = AppIcon;
				ASSETCATALOG_COMPILER_GLOBAL_ACCENT_COLOR_NAME = AccentColor;
				CODE_SIGN_STYLE = Automatic;
				INFOPLIST_FILE = ProductivityApp/Info.plist;
				LD_RUNPATH_SEARCH_PATHS = (
					"$(inherited)",
					"@executable_path/Frameworks",
				);
				PRODUCT_BUNDLE_IDENTIFIER = raluca.ProductivityApp;
				PRODUCT_NAME = "$(TARGET_NAME)";
				SWIFT_VERSION = 5.0;
				TARGETED_DEVICE_FAMILY = "1,2";
			};
			name = Debug;
		};
		28D1817427FF66B800C256E9 /* Release */ = {
			isa = XCBuildConfiguration;
			baseConfigurationReference = EDC7C692ED1FCDCD3825808E /* Pods-ProductivityApp.release.xcconfig */;
			buildSettings = {
				ASSETCATALOG_COMPILER_APPICON_NAME = AppIcon;
				ASSETCATALOG_COMPILER_GLOBAL_ACCENT_COLOR_NAME = AccentColor;
				CODE_SIGN_STYLE = Automatic;
				INFOPLIST_FILE = ProductivityApp/Info.plist;
				LD_RUNPATH_SEARCH_PATHS = (
					"$(inherited)",
					"@executable_path/Frameworks",
				);
				PRODUCT_BUNDLE_IDENTIFIER = raluca.ProductivityApp;
				PRODUCT_NAME = "$(TARGET_NAME)";
				SWIFT_VERSION = 5.0;
				TARGETED_DEVICE_FAMILY = "1,2";
			};
			name = Release;
		};
/* End XCBuildConfiguration section */

/* Begin XCConfigurationList section */
		28D1815627FF66B600C256E9 /* Build configuration list for PBXProject "ProductivityApp" */ = {
			isa = XCConfigurationList;
			buildConfigurations = (
				28D1817027FF66B800C256E9 /* Debug */,
				28D1817127FF66B800C256E9 /* Release */,
			);
			defaultConfigurationIsVisible = 0;
			defaultConfigurationName = Release;
		};
		28D1817227FF66B800C256E9 /* Build configuration list for PBXNativeTarget "ProductivityApp" */ = {
			isa = XCConfigurationList;
			buildConfigurations = (
				28D1817327FF66B800C256E9 /* Debug */,
				28D1817427FF66B800C256E9 /* Release */,
			);
			defaultConfigurationIsVisible = 0;
			defaultConfigurationName = Release;
		};
/* End XCConfigurationList section */

/* Begin XCVersionGroup section */
		28D1816727FF66B600C256E9 /* ProductivityApp.xcdatamodeld */ = {
			isa = XCVersionGroup;
			children = (
				28D1816827FF66B600C256E9 /* ProductivityApp.xcdatamodel */,
			);
			currentVersion = 28D1816827FF66B600C256E9 /* ProductivityApp.xcdatamodel */;
			path = ProductivityApp.xcdatamodeld;
			sourceTree = "<group>";
			versionGroupType = wrapper.xcdatamodel;
		};
/* End XCVersionGroup section */
	};
	rootObject = 28D1815327FF66B600C256E9 /* Project object */;
}
